// !$*UTF8*$!
{
	archiveVersion = 1;
	classes = {
	};
	objectVersion = 46;
	objects = {

/* Begin PBXBuildFile section */
		88FB21151D2E50CD00148733 /* AppDelegate.swift in Sources */ = {isa = PBXBuildFile; fileRef = 88FB21141D2E50CD00148733 /* AppDelegate.swift */; };
		88FB21171D2E50CD00148733 /* ViewController.swift in Sources */ = {isa = PBXBuildFile; fileRef = 88FB21161D2E50CD00148733 /* ViewController.swift */; };
		88FB211A1D2E50CD00148733 /* Main.storyboard in Resources */ = {isa = PBXBuildFile; fileRef = 88FB21181D2E50CD00148733 /* Main.storyboard */; };
		88FB211D1D2E50CD00148733 /* TestFetchRequest.xcdatamodeld in Sources */ = {isa = PBXBuildFile; fileRef = 88FB211B1D2E50CD00148733 /* TestFetchRequest.xcdatamodeld */; };
		88FB211F1D2E50CD00148733 /* Assets.xcassets in Resources */ = {isa = PBXBuildFile; fileRef = 88FB211E1D2E50CD00148733 /* Assets.xcassets */; };
		88FB21221D2E50CD00148733 /* LaunchScreen.storyboard in Resources */ = {isa = PBXBuildFile; fileRef = 88FB21201D2E50CD00148733 /* LaunchScreen.storyboard */; };
		88FB212B1D2E559F00148733 /* Book+CoreDataProperties.swift in Sources */ = {isa = PBXBuildFile; fileRef = 88FB21291D2E559F00148733 /* Book+CoreDataProperties.swift */; };
		88FB212C1D2E559F00148733 /* Book.swift in Sources */ = {isa = PBXBuildFile; fileRef = 88FB212A1D2E559F00148733 /* Book.swift */; };
/* End PBXBuildFile section */

/* Begin PBXFileReference section */
		88FB21111D2E50CD00148733 /* TestFetchRequest.app */ = {isa = PBXFileReference; explicitFileType = wrapper.application; includeInIndex = 0; path = TestFetchRequest.app; sourceTree = BUILT_PRODUCTS_DIR; };
		88FB21141D2E50CD00148733 /* AppDelegate.swift */ = {isa = PBXFileReference; lastKnownFileType = sourcecode.swift; path = AppDelegate.swift; sourceTree = "<group>"; };
		88FB21161D2E50CD00148733 /* ViewController.swift */ = {isa = PBXFileReference; lastKnownFileType = sourcecode.swift; path = ViewController.swift; sourceTree = "<group>"; };
		88FB21191D2E50CD00148733 /* Base */ = {isa = PBXFileReference; lastKnownFileType = file.storyboard; name = Base; path = Base.lproj/Main.storyboard; sourceTree = "<group>"; };
		88FB211C1D2E50CD00148733 /* TestFetchRequest.xcdatamodel */ = {isa = PBXFileReference; lastKnownFileType = wrapper.xcdatamodel; path = TestFetchRequest.xcdatamodel; sourceTree = "<group>"; };
		88FB211E1D2E50CD00148733 /* Assets.xcassets */ = {isa = PBXFileReference; lastKnownFileType = folder.assetcatalog; path = Assets.xcassets; sourceTree = "<group>"; };
		88FB21211D2E50CD00148733 /* Base */ = {isa = PBXFileReference; lastKnownFileType = file.storyboard; name = Base; path = Base.lproj/LaunchScreen.storyboard; sourceTree = "<group>"; };
		88FB21231D2E50CD00148733 /* Info.plist */ = {isa = PBXFileReference; lastKnownFileType = text.plist.xml; path = Info.plist; sourceTree = "<group>"; };
		88FB21291D2E559F00148733 /* Book+CoreDataProperties.swift */ = {isa = PBXFileReference; fileEncoding = 4; lastKnownFileType = sourcecode.swift; path = "Book+CoreDataProperties.swift"; sourceTree = "<group>"; };
		88FB212A1D2E559F00148733 /* Book.swift */ = {isa = PBXFileReference; fileEncoding = 4; lastKnownFileType = sourcecode.swift; path = Book.swift; sourceTree = "<group>"; };
/* End PBXFileReference section */

/* Begin PBXFrameworksBuildPhase section */
		88FB210E1D2E50CD00148733 /* Frameworks */ = {
			isa = PBXFrameworksBuildPhase;
			buildActionMask = 2147483647;
			files = (
			);
			runOnlyForDeploymentPostprocessing = 0;
		};
/* End PBXFrameworksBuildPhase section */

/* Begin PBXGroup section */
		88FB21081D2E50CD00148733 = {
			isa = PBXGroup;
			children = (
				88FB21291D2E559F00148733 /* Book+CoreDataProperties.swift */,
				88FB212A1D2E559F00148733 /* Book.swift */,
				88FB21131D2E50CD00148733 /* TestFetchRequest */,
				88FB21121D2E50CD00148733 /* Products */,
			);
			sourceTree = "<group>";
		};
		88FB21121D2E50CD00148733 /* Products */ = {
			isa = PBXGroup;
			children = (
				88FB21111D2E50CD00148733 /* TestFetchRequest.app */,
			);
			name = Products;
			sourceTree = "<group>";
		};
		88FB21131D2E50CD00148733 /* TestFetchRequest */ = {
			isa = PBXGroup;
			children = (
				88FB21141D2E50CD00148733 /* AppDelegate.swift */,
				88FB21161D2E50CD00148733 /* ViewController.swift */,
				88FB21181D2E50CD00148733 /* Main.storyboard */,
				88FB211E1D2E50CD00148733 /* Assets.xcassets */,
				88FB21201D2E50CD00148733 /* LaunchScreen.storyboard */,
				88FB21231D2E50CD00148733 /* Info.plist */,
				88FB211B1D2E50CD00148733 /* TestFetchRequest.xcdatamodeld */,
			);
			path = TestFetchRequest;
			sourceTree = "<group>";
		};
/* End PBXGroup section */

/* Begin PBXNativeTarget section */
		88FB21101D2E50CD00148733 /* TestFetchRequest */ = {
			isa = PBXNativeTarget;
			buildConfigurationList = 88FB21261D2E50CD00148733 /* Build configuration list for PBXNativeTarget "TestFetchRequest" */;
			buildPhases = (
				88FB210D1D2E50CD00148733 /* Sources */,
				88FB210E1D2E50CD00148733 /* Frameworks */,
				88FB210F1D2E50CD00148733 /* Resources */,
			);
			buildRules = (
			);
			dependencies = (
			);
			name = TestFetchRequest;
			productName = TestFetchRequest;
			productReference = 88FB21111D2E50CD00148733 /* TestFetchRequest.app */;
			productType = "com.apple.product-type.application";
		};
/* End PBXNativeTarget section */

/* Begin PBXProject section */
		88FB21091D2E50CD00148733 /* Project object */ = {
			isa = PBXProject;
			attributes = {
				LastSwiftUpdateCheck = 0720;
				LastUpgradeCheck = 0720;
				ORGANIZATIONNAME = TestOrganization;
				TargetAttributes = {
					88FB21101D2E50CD00148733 = {
						CreatedOnToolsVersion = 7.2.1;
					};
				};
			};
			buildConfigurationList = 88FB210C1D2E50CD00148733 /* Build configuration list for PBXProject "TestFetchRequest" */;
			compatibilityVersion = "Xcode 3.2";
			developmentRegion = English;
			hasScannedForEncodings = 0;
			knownRegions = (
				en,
				Base,
			);
			mainGroup = 88FB21081D2E50CD00148733;
			productRefGroup = 88FB21121D2E50CD00148733 /* Products */;
			projectDirPath = "";
			projectRoot = "";
			targets = (
				88FB21101D2E50CD00148733 /* TestFetchRequest */,
			);
		};
/* End PBXProject section */

/* Begin PBXResourcesBuildPhase section */
		88FB210F1D2E50CD00148733 /* Resources */ = {
			isa = PBXResourcesBuildPhase;
			buildActionMask = 2147483647;
			files = (
				88FB21221D2E50CD00148733 /* LaunchScreen.storyboard in Resources */,
				88FB211F1D2E50CD00148733 /* Assets.xcassets in Resources */,
				88FB211A1D2E50CD00148733 /* Main.storyboard in Resources */,
			);
			runOnlyForDeploymentPostprocessing = 0;
		};
/* End PBXResourcesBuildPhase section */

/* Begin PBXSourcesBuildPhase section */
		88FB210D1D2E50CD00148733 /* Sources */ = {
			isa = PBXSourcesBuildPhase;
			buildActionMask = 2147483647;
			files = (
				88FB21171D2E50CD00148733 /* ViewController.swift in Sources */,
				88FB211D1D2E50CD00148733 /* TestFetchRequest.xcdatamodeld in Sources */,
				88FB212B1D2E559F00148733 /* Book+CoreDataProperties.swift in Sources */,
				88FB212C1D2E559F00148733 /* Book.swift in Sources */,
				88FB21151D2E50CD00148733 /* AppDelegate.swift in Sources */,
			);
			runOnlyForDeploymentPostprocessing = 0;
		};
/* End PBXSourcesBuildPhase section */

/* Begin PBXVariantGroup section */
		88FB21181D2E50CD00148733 /* Main.storyboard */ = {
			isa = PBXVariantGroup;
			children = (
				88FB21191D2E50CD00148733 /* Base */,
			);
			name = Main.storyboard;
			sourceTree = "<group>";
		};
		88FB21201D2E50CD00148733 /* LaunchScreen.storyboard */ = {
			isa = PBXVariantGroup;
			children = (
				88FB21211D2E50CD00148733 /* Base */,
			);
			name = LaunchScreen.storyboard;
			sourceTree = "<group>";
		};
/* End PBXVariantGroup section */

/* Begin XCBuildConfiguration section */
		88FB21241D2E50CD00148733 /* Debug */ = {
			isa = XCBuildConfiguration;
			buildSettings = {
				ALWAYS_SEARCH_USER_PATHS = NO;
				CLANG_CXX_LANGUAGE_STANDARD = "gnu++0x";
				CLANG_CXX_LIBRARY = "libc++";
				CLANG_ENABLE_MODULES = YES;
				CLANG_ENABLE_OBJC_ARC = YES;
				CLANG_WARN_BOOL_CONVERSION = YES;
				CLANG_WARN_CONSTANT_CONVERSION = YES;
				CLANG_WARN_DIRECT_OBJC_ISA_USAGE = YES_ERROR;
				CLANG_WARN_EMPTY_BODY = YES;
				CLANG_WARN_ENUM_CONVERSION = YES;
				CLANG_WARN_INT_CONVERSION = YES;
				CLANG_WARN_OBJC_ROOT_CLASS = YES_ERROR;
				CLANG_WARN_UNREACHABLE_CODE = YES;
				CLANG_WARN__DUPLICATE_METHOD_MATCH = YES;
				"CODE_SIGN_IDENTITY[sdk=iphoneos*]" = "iPhone Developer";
				COPY_PHASE_STRIP = NO;
				DEBUG_INFORMATION_FORMAT = dwarf;
				ENABLE_STRICT_OBJC_MSGSEND = YES;
				ENABLE_TESTABILITY = YES;
				GCC_C_LANGUAGE_STANDARD = gnu99;
				GCC_DYNAMIC_NO_PIC = NO;
				GCC_NO_COMMON_BLOCKS = YES;
				GCC_OPTIMIZATION_LEVEL = 0;
				GCC_PREPROCESSOR_DEFINITIONS = (
					"DEBUG=1",
					"$(inherited)",
				);
				GCC_WARN_64_TO_32_BIT_CONVERSION = YES;
				GCC_WARN_ABOUT_RETURN_TYPE = YES_ERROR;
				GCC_WARN_UNDECLARED_SELECTOR = YES;
				GCC_WARN_UNINITIALIZED_AUTOS = YES_AGGRESSIVE;
				GCC_WARN_UNUSED_FUNCTION = YES;
				GCC_WARN_UNUSED_VARIABLE = YES;
				IPHONEOS_DEPLOYMENT_TARGET = 9.2;
				MTL_ENABLE_DEBUG_INFO = YES;
				ONLY_ACTIVE_ARCH = YES;
				SDKROOT = iphoneos;
				SWIFT_OPTIMIZATION_LEVEL = "-Onone";
				TARGETED_DEVICE_FAMILY = "1,2";
			};
			name = Debug;
		};
		88FB21251D2E50CD00148733 /* Release */ = {
			isa = XCBuildConfiguration;
			buildSettings = {
				ALWAYS_SEARCH_USER_PATHS = NO;
				CLANG_CXX_LANGUAGE_STANDARD = "gnu++0x";
				CLANG_CXX_LIBRARY = "libc++";
				CLANG_ENABLE_MODULES = YES;
				CLANG_ENABLE_OBJC_ARC = YES;
				CLANG_WARN_BOOL_CONVERSION = YES;
				CLANG_WARN_CONSTANT_CONVERSION = YES;
				CLANG_WARN_DIRECT_OBJC_ISA_USAGE = YES_ERROR;
				CLANG_WARN_EMPTY_BODY = YES;
				CLANG_WARN_ENUM_CONVERSION = YES;
				CLANG_WARN_INT_CONVERSION = YES;
				CLANG_WARN_OBJC_ROOT_CLASS = YES_ERROR;
				CLANG_WARN_UNREACHABLE_CODE = YES;
				CLANG_WARN__DUPLICATE_METHOD_MATCH = YES;
				"CODE_SIGN_IDENTITY[sdk=iphoneos*]" = "iPhone Developer";
				COPY_PHASE_STRIP = NO;
				DEBUG_INFORMATION_FORMAT = "dwarf-with-dsym";
				ENABLE_NS_ASSERTIONS = NO;
				ENABLE_STRICT_OBJC_MSGSEND = YES;
				GCC_C_LANGUAGE_STANDARD = gnu99;
				GCC_NO_COMMON_BLOCKS = YES;
				GCC_WARN_64_TO_32_BIT_CONVERSION = YES;
				GCC_WARN_ABOUT_RETURN_TYPE = YES_ERROR;
				GCC_WARN_UNDECLARED_SELECTOR = YES;
				GCC_WARN_UNINITIALIZED_AUTOS = YES_AGGRESSIVE;
				GCC_WARN_UNUSED_FUNCTION = YES;
				GCC_WARN_UNUSED_VARIABLE = YES;
				IPHONEOS_DEPLOYMENT_TARGET = 9.2;
				MTL_ENABLE_DEBUG_INFO = NO;
				SDKROOT = iphoneos;
				TARGETED_DEVICE_FAMILY = "1,2";
				VALIDATE_PRODUCT = YES;
			};
			name = Release;
		};
		88FB21271D2E50CD00148733 /* Debug */ = {
			isa = XCBuildConfiguration;
			buildSettings = {
				ASSETCATALOG_COMPILER_APPICON_NAME = AppIcon;
				INFOPLIST_FILE = TestFetchRequest/Info.plist;
				LD_RUNPATH_SEARCH_PATHS = "$(inherited) @executable_path/Frameworks";
				PRODUCT_BUNDLE_IDENTIFIER = com.test.TestFetchRequest;
				PRODUCT_NAME = "$(TARGET_NAME)";
			};
			name = Debug;
		};
		88FB21281D2E50CD00148733 /* Release */ = {
			isa = XCBuildConfiguration;
			buildSettings = {
				ASSETCATALOG_COMPILER_APPICON_NAME = AppIcon;
				INFOPLIST_FILE = TestFetchRequest/Info.plist;
				LD_RUNPATH_SEARCH_PATHS = "$(inherited) @executable_path/Frameworks";
				PRODUCT_BUNDLE_IDENTIFIER = com.test.TestFetchRequest;
				PRODUCT_NAME = "$(TARGET_NAME)";
			};
			name = Release;
		};
/* End XCBuildConfiguration section */

/* Begin XCConfigurationList section */
		88FB210C1D2E50CD00148733 /* Build configuration list for PBXProject "TestFetchRequest" */ = {
			isa = XCConfigurationList;
			buildConfigurations = (
				88FB21241D2E50CD00148733 /* Debug */,
				88FB21251D2E50CD00148733 /* Release */,
			);
			defaultConfigurationIsVisible = 0;
			defaultConfigurationName = Release;
		};
		88FB21261D2E50CD00148733 /* Build configuration list for PBXNativeTarget "TestFetchRequest" */ = {
			isa = XCConfigurationList;
			buildConfigurations = (
				88FB21271D2E50CD00148733 /* Debug */,
				88FB21281D2E50CD00148733 /* Release */,
			);
			defaultConfigurationIsVisible = 0;
			defaultConfigurationName = Release;
		};
/* End XCConfigurationList section */

/* Begin XCVersionGroup section */
		88FB211B1D2E50CD00148733 /* TestFetchRequest.xcdatamodeld */ = {
			isa = XCVersionGroup;
			children = (
				88FB211C1D2E50CD00148733 /* TestFetchRequest.xcdatamodel */,
			);
			currentVersion = 88FB211C1D2E50CD00148733 /* TestFetchRequest.xcdatamodel */;
			path = TestFetchRequest.xcdatamodeld;
			sourceTree = "<group>";
			versionGroupType = wrapper.xcdatamodel;
		};
/* End XCVersionGroup section */
	};
	rootObject = 88FB21091D2E50CD00148733 /* Project object */;
}
